
Microsoft Visual Studio Solution File, Format Version 12.00
# Visual Studio Version 17
VisualStudioVersion = 17.4.33110.190
MinimumVisualStudioVersion = 10.0.40219.1
Project("{8BC9CEB8-8B4A-11D0-8D11-00A0C91BC942}") = "Zadanie3.2", "Zadanie3.2\Zadanie3.2.vcxproj", "{7F3847BE-0E24-4111-9E36-EC748E9760DC}"
EndProject
Global
	GlobalSection(SolutionConfigurationPlatforms) = preSolution
		Debug|x64 = Debug|x64
		Debug|x86 = Debug|x86
		Release|x64 = Release|x64
		Release|x86 = Release|x86
	EndGlobalSection
	GlobalSection(ProjectConfigurationPlatforms) = postSolution
		{7F3847BE-0E24-4111-9E36-EC748E9760DC}.Debug|x64.ActiveCfg = Debug|x64
		{7F3847BE-0E24-4111-9E36-EC748E9760DC}.Debug|x64.Build.0 = Debug|x64
		{7F3847BE-0E24-4111-9E36-EC748E9760DC}.Debug|x86.ActiveCfg = Debug|Win32
		{7F3847BE-0E24-4111-9E36-EC748E9760DC}.Debug|x86.Build.0 = Debug|Win32
		{7F3847BE-0E24-4111-9E36-EC748E9760DC}.Release|x64.ActiveCfg = Release|x64
		{7F3847BE-0E24-4111-9E36-EC748E9760DC}.Release|x64.Build.0 = Release|x64
		{7F3847BE-0E24-4111-9E36-EC748E9760DC}.Release|x86.ActiveCfg = Release|Win32
		{7F3847BE-0E24-4111-9E36-EC748E9760DC}.Release|x86.Build.0 = Release|Win32
	EndGlobalSection
	GlobalSection(SolutionProperties) = preSolution
		HideSolutionNode = FALSE
	EndGlobalSection
	GlobalSection(ExtensibilityGlobals) = postSolution
		SolutionGuid = {9A70F602-7718-454B-A91F-FF8850145A8F}
	EndGlobalSection
EndGlobal
